
Microsoft Visual Studio Solution File, Format Version 12.00
# Visual Studio Version 16
VisualStudioVersion = 16.0.30523.141
MinimumVisualStudioVersion = 10.0.40219.1
Project("{F184B08F-C81C-45F6-A57F-5ABD9991F28F}") = "FaxTransfer", "FaxTransfer\FaxTransfer.vbproj", "{40761B03-3C6B-409C-B189-BC59858CB49B}"
EndProject
Global
	GlobalSection(SolutionConfigurationPlatforms) = preSolution
		Debug|Any CPU = Debug|Any CPU
		Release|Any CPU = Release|Any CPU
	EndGlobalSection
	GlobalSection(ProjectConfigurationPlatforms) = postSolution
		{40761B03-3C6B-409C-B189-BC59858CB49B}.Debug|Any CPU.ActiveCfg = Debug|Any CPU
		{40761B03-3C6B-409C-B189-BC59858CB49B}.Debug|Any CPU.Build.0 = Debug|Any CPU
		{40761B03-3C6B-409C-B189-BC59858CB49B}.Release|Any CPU.ActiveCfg = Release|Any CPU
		{40761B03-3C6B-409C-B189-BC59858CB49B}.Release|Any CPU.Build.0 = Release|Any CPU
	EndGlobalSection
	GlobalSection(SolutionProperties) = preSolution
		HideSolutionNode = FALSE
	EndGlobalSection
	GlobalSection(ExtensibilityGlobals) = postSolution
		SolutionGuid = {EB221560-163B-412E-B39F-57BECC3C7D0D}
	EndGlobalSection
EndGlobal
