
Microsoft Visual Studio Solution File, Format Version 12.00
# Visual Studio Version 17
VisualStudioVersion = 17.1.32328.378
MinimumVisualStudioVersion = 10.0.40219.1
Project("{FAE04EC0-301F-11D3-BF4B-00C04F79EFBC}") = "FileTrans2", "FileTrans2\FileTrans2.csproj", "{41EBFE65-E7A2-41FE-B8F4-D6958C1E081E}"
EndProject
Global
	GlobalSection(SolutionConfigurationPlatforms) = preSolution
		Debug|Any CPU = Debug|Any CPU
		Release|Any CPU = Release|Any CPU
	EndGlobalSection
	GlobalSection(ProjectConfigurationPlatforms) = postSolution
		{41EBFE65-E7A2-41FE-B8F4-D6958C1E081E}.Debug|Any CPU.ActiveCfg = Debug|Any CPU
		{41EBFE65-E7A2-41FE-B8F4-D6958C1E081E}.Debug|Any CPU.Build.0 = Debug|Any CPU
		{41EBFE65-E7A2-41FE-B8F4-D6958C1E081E}.Release|Any CPU.ActiveCfg = Release|Any CPU
		{41EBFE65-E7A2-41FE-B8F4-D6958C1E081E}.Release|Any CPU.Build.0 = Release|Any CPU
	EndGlobalSection
	GlobalSection(SolutionProperties) = preSolution
		HideSolutionNode = FALSE
	EndGlobalSection
	GlobalSection(ExtensibilityGlobals) = postSolution
		SolutionGuid = {3AE7C9B1-04B8-4C29-BA38-E5C0A4291773}
	EndGlobalSection
EndGlobal
